
Microsoft Visual Studio Solution File, Format Version 12.00
# Visual Studio Version 17
VisualStudioVersion = 17.7.34221.43
MinimumVisualStudioVersion = 10.0.40219.1
Project("{9A19103F-16F7-4668-BE54-9A1E7A4F7556}") = "CQRS Pattern với MediatR", "CQRS Pattern với MediatR\CQRS Pattern với MediatR.csproj", "{5BA0F611-22F9-4DFE-B6CC-92AF13E87823}"
EndProject
Global
	GlobalSection(SolutionConfigurationPlatforms) = preSolution
		Debug|Any CPU = Debug|Any CPU
		Release|Any CPU = Release|Any CPU
	EndGlobalSection
	GlobalSection(ProjectConfigurationPlatforms) = postSolution
		{5BA0F611-22F9-4DFE-B6CC-92AF13E87823}.Debug|Any CPU.ActiveCfg = Debug|Any CPU
		{5BA0F611-22F9-4DFE-B6CC-92AF13E87823}.Debug|Any CPU.Build.0 = Debug|Any CPU
		{5BA0F611-22F9-4DFE-B6CC-92AF13E87823}.Release|Any CPU.ActiveCfg = Release|Any CPU
		{5BA0F611-22F9-4DFE-B6CC-92AF13E87823}.Release|Any CPU.Build.0 = Release|Any CPU
	EndGlobalSection
	GlobalSection(SolutionProperties) = preSolution
		HideSolutionNode = FALSE
	EndGlobalSection
	GlobalSection(ExtensibilityGlobals) = postSolution
		SolutionGuid = {B74152DC-1728-4C9E-AE7D-86D230127620}
	EndGlobalSection
EndGlobal
